PODS:
  - Realm (5.3.3):
    - Realm/Headers (= 5.3.3)
  - Realm/Headers (5.3.3)
  - RealmSwift (5.3.3):
    - Realm (= 5.3.3)

DEPENDENCIES:
  - RealmSwift

SPEC REPOS:
  trunk:
    - Realm
    - RealmSwift

SPEC CHECKSUMS:
  Realm: 2d57ea355bf8ca2a0964d6bfb38d28d7ff2addf6
  RealmSwift: 0a709536ecea30eea1d3c514f6ade2ed078dee3c

PODFILE CHECKSUM: f8a11e580f04d29b39f42d285fa47f3a63f83d86

COCOAPODS: 1.10.0.beta.1
